
Microsoft Visual Studio Solution File, Format Version 12.00
# Visual Studio Version 16
VisualStudioVersion = 16.0.30104.148
MinimumVisualStudioVersion = 10.0.40219.1
Project("{FAE04EC0-301F-11D3-BF4B-00C04F79EFBC}") = "GleacAPI", "GleacAPI.csproj", "{37685758-1A1A-4DCD-944D-9AFE380B1D6E}"
EndProject
Global
	GlobalSection(SolutionConfigurationPlatforms) = preSolution
		Debug|Any CPU = Debug|Any CPU
		Release|Any CPU = Release|Any CPU
	EndGlobalSection
	GlobalSection(ProjectConfigurationPlatforms) = postSolution
		{37685758-1A1A-4DCD-944D-9AFE380B1D6E}.Debug|Any CPU.ActiveCfg = Debug|Any CPU
		{37685758-1A1A-4DCD-944D-9AFE380B1D6E}.Debug|Any CPU.Build.0 = Debug|Any CPU
		{37685758-1A1A-4DCD-944D-9AFE380B1D6E}.Release|Any CPU.ActiveCfg = Release|Any CPU
		{37685758-1A1A-4DCD-944D-9AFE380B1D6E}.Release|Any CPU.Build.0 = Release|Any CPU
	EndGlobalSection
	GlobalSection(SolutionProperties) = preSolution
		HideSolutionNode = FALSE
	EndGlobalSection
	GlobalSection(ExtensibilityGlobals) = postSolution
		SolutionGuid = {854D02F3-7FEB-4F6C-92D9-200A1D372EC8}
	EndGlobalSection
EndGlobal
